// !$*UTF8*$!
{
	archiveVersion = 1;
	classes = {
	};
	objectVersion = 56;
	objects = {

/* Begin PBXBuildFile section */
		D758F8492B4E00CE000C80DE /* FirstTabCoordinator.swift in Sources */ = {isa = PBXBuildFile; fileRef = D758F8482B4E00CE000C80DE /* FirstTabCoordinator.swift */; };
		D758F84D2B4E0115000C80DE /* FirstViewController.swift in Sources */ = {isa = PBXBuildFile; fileRef = D758F84C2B4E0115000C80DE /* FirstViewController.swift */; };
		D758F84F2B4E0129000C80DE /* FirstDetailView.swift in Sources */ = {isa = PBXBuildFile; fileRef = D758F84E2B4E0129000C80DE /* FirstDetailView.swift */; };
		D758F8532B4E02B4000C80DE /* FirstViewModel.swift in Sources */ = {isa = PBXBuildFile; fileRef = D758F8522B4E02B4000C80DE /* FirstViewModel.swift */; };
		D78350432B4C8D6C0060994E /* AppDelegate.swift in Sources */ = {isa = PBXBuildFile; fileRef = D78350422B4C8D6C0060994E /* AppDelegate.swift */; };
		D78350452B4C8D6C0060994E /* SceneDelegate.swift in Sources */ = {isa = PBXBuildFile; fileRef = D78350442B4C8D6C0060994E /* SceneDelegate.swift */; };
		D78350472B4C8D6C0060994E /* ViewController.swift in Sources */ = {isa = PBXBuildFile; fileRef = D78350462B4C8D6C0060994E /* ViewController.swift */; };
		D783504C2B4C8D6D0060994E /* Assets.xcassets in Resources */ = {isa = PBXBuildFile; fileRef = D783504B2B4C8D6D0060994E /* Assets.xcassets */; };
		D783504F2B4C8D6D0060994E /* LaunchScreen.storyboard in Resources */ = {isa = PBXBuildFile; fileRef = D783504D2B4C8D6D0060994E /* LaunchScreen.storyboard */; };
		D78350572B4C97120060994E /* ContentView.swift in Sources */ = {isa = PBXBuildFile; fileRef = D78350562B4C97120060994E /* ContentView.swift */; };
		D783505A2B4C98920060994E /* Coordinator.swift in Sources */ = {isa = PBXBuildFile; fileRef = D78350592B4C98920060994E /* Coordinator.swift */; };
		D783505C2B4C990E0060994E /* ApplicationCoordinator.swift in Sources */ = {isa = PBXBuildFile; fileRef = D783505B2B4C990E0060994E /* ApplicationCoordinator.swift */; };
		D78350602B4C9E220060994E /* OnboardingCoordinator.swift in Sources */ = {isa = PBXBuildFile; fileRef = D783505F2B4C9E220060994E /* OnboardingCoordinator.swift */; };
		D78350642B4C9F030060994E /* MainCoordinator.swift in Sources */ = {isa = PBXBuildFile; fileRef = D78350632B4C9F030060994E /* MainCoordinator.swift */; };
		D78350662B4CA08C0060994E /* OnboardingView.swift in Sources */ = {isa = PBXBuildFile; fileRef = D78350652B4CA08C0060994E /* OnboardingView.swift */; };
		D783506B2B4CA7E30060994E /* ScaledImageView.swift in Sources */ = {isa = PBXBuildFile; fileRef = D783506A2B4CA7E30060994E /* ScaledImageView.swift */; };
		D78350712B4CAE510060994E /* SecondTabCoordinator.swift in Sources */ = {isa = PBXBuildFile; fileRef = D78350702B4CAE510060994E /* SecondTabCoordinator.swift */; };
		D78350782B4CB2000060994E /* SecondViewController.swift in Sources */ = {isa = PBXBuildFile; fileRef = D78350762B4CB2000060994E /* SecondViewController.swift */; };
		D78350792B4CB2000060994E /* SecondViewController.xib in Resources */ = {isa = PBXBuildFile; fileRef = D78350772B4CB2000060994E /* SecondViewController.xib */; };
		D783507C2B4CBE900060994E /* TinyConstraints in Frameworks */ = {isa = PBXBuildFile; productRef = D783507B2B4CBE900060994E /* TinyConstraints */; };
		D78350802B4CC21F0060994E /* UIView+Extension.swift in Sources */ = {isa = PBXBuildFile; fileRef = D783507F2B4CC21F0060994E /* UIView+Extension.swift */; };
/* End PBXBuildFile section */

/* Begin PBXFileReference section */
		D758F8482B4E00CE000C80DE /* FirstTabCoordinator.swift */ = {isa = PBXFileReference; fileEncoding = 4; lastKnownFileType = sourcecode.swift; path = FirstTabCoordinator.swift; sourceTree = "<group>"; };
		D758F84C2B4E0115000C80DE /* FirstViewController.swift */ = {isa = PBXFileReference; fileEncoding = 4; lastKnownFileType = sourcecode.swift; path = FirstViewController.swift; sourceTree = "<group>"; };
		D758F84E2B4E0129000C80DE /* FirstDetailView.swift */ = {isa = PBXFileReference; fileEncoding = 4; lastKnownFileType = sourcecode.swift; path = FirstDetailView.swift; sourceTree = "<group>"; };
		D758F8522B4E02B4000C80DE /* FirstViewModel.swift */ = {isa = PBXFileReference; lastKnownFileType = sourcecode.swift; path = FirstViewModel.swift; sourceTree = "<group>"; };
		D783503F2B4C8D6C0060994E /* DemoCoordinatorProject.app */ = {isa = PBXFileReference; explicitFileType = wrapper.application; includeInIndex = 0; path = DemoCoordinatorProject.app; sourceTree = BUILT_PRODUCTS_DIR; };
		D78350422B4C8D6C0060994E /* AppDelegate.swift */ = {isa = PBXFileReference; lastKnownFileType = sourcecode.swift; path = AppDelegate.swift; sourceTree = "<group>"; };
		D78350442B4C8D6C0060994E /* SceneDelegate.swift */ = {isa = PBXFileReference; lastKnownFileType = sourcecode.swift; path = SceneDelegate.swift; sourceTree = "<group>"; };
		D78350462B4C8D6C0060994E /* ViewController.swift */ = {isa = PBXFileReference; lastKnownFileType = sourcecode.swift; path = ViewController.swift; sourceTree = "<group>"; };
		D783504B2B4C8D6D0060994E /* Assets.xcassets */ = {isa = PBXFileReference; lastKnownFileType = folder.assetcatalog; path = Assets.xcassets; sourceTree = "<group>"; };
		D783504E2B4C8D6D0060994E /* Base */ = {isa = PBXFileReference; lastKnownFileType = file.storyboard; name = Base; path = Base.lproj/LaunchScreen.storyboard; sourceTree = "<group>"; };
		D78350502B4C8D6D0060994E /* Info.plist */ = {isa = PBXFileReference; lastKnownFileType = text.plist.xml; path = Info.plist; sourceTree = "<group>"; };
		D78350562B4C97120060994E /* ContentView.swift */ = {isa = PBXFileReference; lastKnownFileType = sourcecode.swift; path = ContentView.swift; sourceTree = "<group>"; };
		D78350592B4C98920060994E /* Coordinator.swift */ = {isa = PBXFileReference; lastKnownFileType = sourcecode.swift; path = Coordinator.swift; sourceTree = "<group>"; };
		D783505B2B4C990E0060994E /* ApplicationCoordinator.swift */ = {isa = PBXFileReference; lastKnownFileType = sourcecode.swift; path = ApplicationCoordinator.swift; sourceTree = "<group>"; };
		D783505F2B4C9E220060994E /* OnboardingCoordinator.swift */ = {isa = PBXFileReference; lastKnownFileType = sourcecode.swift; path = OnboardingCoordinator.swift; sourceTree = "<group>"; };
		D78350632B4C9F030060994E /* MainCoordinator.swift */ = {isa = PBXFileReference; lastKnownFileType = sourcecode.swift; path = MainCoordinator.swift; sourceTree = "<group>"; };
		D78350652B4CA08C0060994E /* OnboardingView.swift */ = {isa = PBXFileReference; lastKnownFileType = sourcecode.swift; path = OnboardingView.swift; sourceTree = "<group>"; };
		D783506A2B4CA7E30060994E /* ScaledImageView.swift */ = {isa = PBXFileReference; lastKnownFileType = sourcecode.swift; path = ScaledImageView.swift; sourceTree = "<group>"; };
		D78350702B4CAE510060994E /* SecondTabCoordinator.swift */ = {isa = PBXFileReference; lastKnownFileType = sourcecode.swift; path = SecondTabCoordinator.swift; sourceTree = "<group>"; };
		D78350762B4CB2000060994E /* SecondViewController.swift */ = {isa = PBXFileReference; lastKnownFileType = sourcecode.swift; path = SecondViewController.swift; sourceTree = "<group>"; };
		D78350772B4CB2000060994E /* SecondViewController.xib */ = {isa = PBXFileReference; lastKnownFileType = file.xib; path = SecondViewController.xib; sourceTree = "<group>"; };
		D783507F2B4CC21F0060994E /* UIView+Extension.swift */ = {isa = PBXFileReference; lastKnownFileType = sourcecode.swift; path = "UIView+Extension.swift"; sourceTree = "<group>"; };
/* End PBXFileReference section */

/* Begin PBXFrameworksBuildPhase section */
		D783503C2B4C8D6C0060994E /* Frameworks */ = {
			isa = PBXFrameworksBuildPhase;
			buildActionMask = 2147483647;
			files = (
				D783507C2B4CBE900060994E /* TinyConstraints in Frameworks */,
			);
			runOnlyForDeploymentPostprocessing = 0;
		};
/* End PBXFrameworksBuildPhase section */

/* Begin PBXGroup section */
		D78350362B4C8D6C0060994E = {
			isa = PBXGroup;
			children = (
				D78350412B4C8D6C0060994E /* DemoCoordinatorProject */,
				D78350402B4C8D6C0060994E /* Products */,
			);
			sourceTree = "<group>";
		};
		D78350402B4C8D6C0060994E /* Products */ = {
			isa = PBXGroup;
			children = (
				D783503F2B4C8D6C0060994E /* DemoCoordinatorProject.app */,
			);
			name = Products;
			sourceTree = "<group>";
		};
		D78350412B4C8D6C0060994E /* DemoCoordinatorProject */ = {
			isa = PBXGroup;
			children = (
				D78350422B4C8D6C0060994E /* AppDelegate.swift */,
				D783505B2B4C990E0060994E /* ApplicationCoordinator.swift */,
				D78350442B4C8D6C0060994E /* SceneDelegate.swift */,
				D78350562B4C97120060994E /* ContentView.swift */,
				D78350462B4C8D6C0060994E /* ViewController.swift */,
				D783505D2B4C9DD10060994E /* Main Group */,
				D783505E2B4C9DE70060994E /* Onboarding */,
				D78350582B4C98820060994E /* Protocols */,
				D78350672B4CA63B0060994E /* Helper */,
				D783507E2B4CC1E40060994E /* Extensions */,
				D783504B2B4C8D6D0060994E /* Assets.xcassets */,
				D783504D2B4C8D6D0060994E /* LaunchScreen.storyboard */,
				D78350502B4C8D6D0060994E /* Info.plist */,
			);
			path = DemoCoordinatorProject;
			sourceTree = "<group>";
		};
		D78350582B4C98820060994E /* Protocols */ = {
			isa = PBXGroup;
			children = (
				D78350592B4C98920060994E /* Coordinator.swift */,
			);
			path = Protocols;
			sourceTree = "<group>";
		};
		D783505D2B4C9DD10060994E /* Main Group */ = {
			isa = PBXGroup;
			children = (
				D78350632B4C9F030060994E /* MainCoordinator.swift */,
				D783506D2B4CADF50060994E /* First */,
				D783506C2B4CADF00060994E /* Second */,
			);
			path = "Main Group";
			sourceTree = "<group>";
		};
		D783505E2B4C9DE70060994E /* Onboarding */ = {
			isa = PBXGroup;
			children = (
				D783505F2B4C9E220060994E /* OnboardingCoordinator.swift */,
				D78350652B4CA08C0060994E /* OnboardingView.swift */,
			);
			path = Onboarding;
			sourceTree = "<group>";
		};
		D78350672B4CA63B0060994E /* Helper */ = {
			isa = PBXGroup;
			children = (
				D783506A2B4CA7E30060994E /* ScaledImageView.swift */,
			);
			path = Helper;
			sourceTree = "<group>";
		};
		D783506C2B4CADF00060994E /* Second */ = {
			isa = PBXGroup;
			children = (
				D78350702B4CAE510060994E /* SecondTabCoordinator.swift */,
				D78350762B4CB2000060994E /* SecondViewController.swift */,
				D78350772B4CB2000060994E /* SecondViewController.xib */,
			);
			path = Second;
			sourceTree = "<group>";
		};
		D783506D2B4CADF50060994E /* First */ = {
			isa = PBXGroup;
			children = (
				D758F84E2B4E0129000C80DE /* FirstDetailView.swift */,
				D758F84C2B4E0115000C80DE /* FirstViewController.swift */,
				D758F8482B4E00CE000C80DE /* FirstTabCoordinator.swift */,
				D758F8522B4E02B4000C80DE /* FirstViewModel.swift */,
			);
			path = First;
			sourceTree = "<group>";
		};
		D783507E2B4CC1E40060994E /* Extensions */ = {
			isa = PBXGroup;
			children = (
				D783507F2B4CC21F0060994E /* UIView+Extension.swift */,
			);
			path = Extensions;
			sourceTree = "<group>";
		};
/* End PBXGroup section */

/* Begin PBXNativeTarget section */
		D783503E2B4C8D6C0060994E /* DemoCoordinatorProject */ = {
			isa = PBXNativeTarget;
			buildConfigurationList = D78350532B4C8D6D0060994E /* Build configuration list for PBXNativeTarget "DemoCoordinatorProject" */;
			buildPhases = (
				D783503B2B4C8D6C0060994E /* Sources */,
				D783503C2B4C8D6C0060994E /* Frameworks */,
				D783503D2B4C8D6C0060994E /* Resources */,
			);
			buildRules = (
			);
			dependencies = (
			);
			name = DemoCoordinatorProject;
			packageProductDependencies = (
				D783507B2B4CBE900060994E /* TinyConstraints */,
			);
			productName = DemoCoordinatorProject;
			productReference = D783503F2B4C8D6C0060994E /* DemoCoordinatorProject.app */;
			productType = "com.apple.product-type.application";
		};
/* End PBXNativeTarget section */

/* Begin PBXProject section */
		D78350372B4C8D6C0060994E /* Project object */ = {
			isa = PBXProject;
			attributes = {
				BuildIndependentTargetsInParallel = 1;
				LastSwiftUpdateCheck = 1510;
				LastUpgradeCheck = 1510;
				TargetAttributes = {
					D783503E2B4C8D6C0060994E = {
						CreatedOnToolsVersion = 15.1;
					};
				};
			};
			buildConfigurationList = D783503A2B4C8D6C0060994E /* Build configuration list for PBXProject "DemoCoordinatorProject" */;
			compatibilityVersion = "Xcode 14.0";
			developmentRegion = en;
			hasScannedForEncodings = 0;
			knownRegions = (
				en,
				Base,
			);
			mainGroup = D78350362B4C8D6C0060994E;
			packageReferences = (
				D783507A2B4CBE900060994E /* XCRemoteSwiftPackageReference "TinyConstraints" */,
			);
			productRefGroup = D78350402B4C8D6C0060994E /* Products */;
			projectDirPath = "";
			projectRoot = "";
			targets = (
				D783503E2B4C8D6C0060994E /* DemoCoordinatorProject */,
			);
		};
/* End PBXProject section */

/* Begin PBXResourcesBuildPhase section */
		D783503D2B4C8D6C0060994E /* Resources */ = {
			isa = PBXResourcesBuildPhase;
			buildActionMask = 2147483647;
			files = (
				D783504F2B4C8D6D0060994E /* LaunchScreen.storyboard in Resources */,
				D783504C2B4C8D6D0060994E /* Assets.xcassets in Resources */,
				D78350792B4CB2000060994E /* SecondViewController.xib in Resources */,
			);
			runOnlyForDeploymentPostprocessing = 0;
		};
/* End PBXResourcesBuildPhase section */

/* Begin PBXSourcesBuildPhase section */
		D783503B2B4C8D6C0060994E /* Sources */ = {
			isa = PBXSourcesBuildPhase;
			buildActionMask = 2147483647;
			files = (
				D78350472B4C8D6C0060994E /* ViewController.swift in Sources */,
				D78350642B4C9F030060994E /* MainCoordinator.swift in Sources */,
				D78350802B4CC21F0060994E /* UIView+Extension.swift in Sources */,
				D78350432B4C8D6C0060994E /* AppDelegate.swift in Sources */,
				D758F84F2B4E0129000C80DE /* FirstDetailView.swift in Sources */,
				D78350782B4CB2000060994E /* SecondViewController.swift in Sources */,
				D78350662B4CA08C0060994E /* OnboardingView.swift in Sources */,
				D758F8532B4E02B4000C80DE /* FirstViewModel.swift in Sources */,
				D78350712B4CAE510060994E /* SecondTabCoordinator.swift in Sources */,
				D758F8492B4E00CE000C80DE /* FirstTabCoordinator.swift in Sources */,
				D783505A2B4C98920060994E /* Coordinator.swift in Sources */,
				D78350602B4C9E220060994E /* OnboardingCoordinator.swift in Sources */,
				D758F84D2B4E0115000C80DE /* FirstViewController.swift in Sources */,
				D783506B2B4CA7E30060994E /* ScaledImageView.swift in Sources */,
				D78350572B4C97120060994E /* ContentView.swift in Sources */,
				D78350452B4C8D6C0060994E /* SceneDelegate.swift in Sources */,
				D783505C2B4C990E0060994E /* ApplicationCoordinator.swift in Sources */,
			);
			runOnlyForDeploymentPostprocessing = 0;
		};
/* End PBXSourcesBuildPhase section */

/* Begin PBXVariantGroup section */
		D783504D2B4C8D6D0060994E /* LaunchScreen.storyboard */ = {
			isa = PBXVariantGroup;
			children = (
				D783504E2B4C8D6D0060994E /* Base */,
			);
			name = LaunchScreen.storyboard;
			sourceTree = "<group>";
		};
/* End PBXVariantGroup section */

/* Begin XCBuildConfiguration section */
		D78350512B4C8D6D0060994E /* Debug */ = {
			isa = XCBuildConfiguration;
			buildSettings = {
				ALWAYS_SEARCH_USER_PATHS = NO;
				ASSETCATALOG_COMPILER_GENERATE_SWIFT_ASSET_SYMBOL_EXTENSIONS = YES;
				CLANG_ANALYZER_NONNULL = YES;
				CLANG_ANALYZER_NUMBER_OBJECT_CONVERSION = YES_AGGRESSIVE;
				CLANG_CXX_LANGUAGE_STANDARD = "gnu++20";
				CLANG_ENABLE_MODULES = YES;
				CLANG_ENABLE_OBJC_ARC = YES;
				CLANG_ENABLE_OBJC_WEAK = YES;
				CLANG_WARN_BLOCK_CAPTURE_AUTORELEASING = YES;
				CLANG_WARN_BOOL_CONVERSION = YES;
				CLANG_WARN_COMMA = YES;
				CLANG_WARN_CONSTANT_CONVERSION = YES;
				CLANG_WARN_DEPRECATED_OBJC_IMPLEMENTATIONS = YES;
				CLANG_WARN_DIRECT_OBJC_ISA_USAGE = YES_ERROR;
				CLANG_WARN_DOCUMENTATION_COMMENTS = YES;
				CLANG_WARN_EMPTY_BODY = YES;
				CLANG_WARN_ENUM_CONVERSION = YES;
				CLANG_WARN_INFINITE_RECURSION = YES;
				CLANG_WARN_INT_CONVERSION = YES;
				CLANG_WARN_NON_LITERAL_NULL_CONVERSION = YES;
				CLANG_WARN_OBJC_IMPLICIT_RETAIN_SELF = YES;
				CLANG_WARN_OBJC_LITERAL_CONVERSION = YES;
				CLANG_WARN_OBJC_ROOT_CLASS = YES_ERROR;
				CLANG_WARN_QUOTED_INCLUDE_IN_FRAMEWORK_HEADER = YES;
				CLANG_WARN_RANGE_LOOP_ANALYSIS = YES;
				CLANG_WARN_STRICT_PROTOTYPES = YES;
				CLANG_WARN_SUSPICIOUS_MOVE = YES;
				CLANG_WARN_UNGUARDED_AVAILABILITY = YES_AGGRESSIVE;
				CLANG_WARN_UNREACHABLE_CODE = YES;
				CLANG_WARN__DUPLICATE_METHOD_MATCH = YES;
				COPY_PHASE_STRIP = NO;
				DEBUG_INFORMATION_FORMAT = dwarf;
				ENABLE_STRICT_OBJC_MSGSEND = YES;
				ENABLE_TESTABILITY = YES;
				ENABLE_USER_SCRIPT_SANDBOXING = YES;
				GCC_C_LANGUAGE_STANDARD = gnu17;
				GCC_DYNAMIC_NO_PIC = NO;
				GCC_NO_COMMON_BLOCKS = YES;
				GCC_OPTIMIZATION_LEVEL = 0;
				GCC_PREPROCESSOR_DEFINITIONS = (
					"DEBUG=1",
					"$(inherited)",
				);
				GCC_WARN_64_TO_32_BIT_CONVERSION = YES;
				GCC_WARN_ABOUT_RETURN_TYPE = YES_ERROR;
				GCC_WARN_UNDECLARED_SELECTOR = YES;
				GCC_WARN_UNINITIALIZED_AUTOS = YES_AGGRESSIVE;
				GCC_WARN_UNUSED_FUNCTION = YES;
				GCC_WARN_UNUSED_VARIABLE = YES;
				IPHONEOS_DEPLOYMENT_TARGET = 17.2;
				LOCALIZATION_PREFERS_STRING_CATALOGS = YES;
				MTL_ENABLE_DEBUG_INFO = INCLUDE_SOURCE;
				MTL_FAST_MATH = YES;
				ONLY_ACTIVE_ARCH = YES;
				SDKROOT = iphoneos;
				SWIFT_ACTIVE_COMPILATION_CONDITIONS = "DEBUG $(inherited)";
				SWIFT_OPTIMIZATION_LEVEL = "-Onone";
			};
			name = Debug;
		};
		D78350522B4C8D6D0060994E /* Release */ = {
			isa = XCBuildConfiguration;
			buildSettings = {
				ALWAYS_SEARCH_USER_PATHS = NO;
				ASSETCATALOG_COMPILER_GENERATE_SWIFT_ASSET_SYMBOL_EXTENSIONS = YES;
				CLANG_ANALYZER_NONNULL = YES;
				CLANG_ANALYZER_NUMBER_OBJECT_CONVERSION = YES_AGGRESSIVE;
				CLANG_CXX_LANGUAGE_STANDARD = "gnu++20";
				CLANG_ENABLE_MODULES = YES;
				CLANG_ENABLE_OBJC_ARC = YES;
				CLANG_ENABLE_OBJC_WEAK = YES;
				CLANG_WARN_BLOCK_CAPTURE_AUTORELEASING = YES;
				CLANG_WARN_BOOL_CONVERSION = YES;
				CLANG_WARN_COMMA = YES;
				CLANG_WARN_CONSTANT_CONVERSION = YES;
				CLANG_WARN_DEPRECATED_OBJC_IMPLEMENTATIONS = YES;
				CLANG_WARN_DIRECT_OBJC_ISA_USAGE = YES_ERROR;
				CLANG_WARN_DOCUMENTATION_COMMENTS = YES;
				CLANG_WARN_EMPTY_BODY = YES;
				CLANG_WARN_ENUM_CONVERSION = YES;
				CLANG_WARN_INFINITE_RECURSION = YES;
				CLANG_WARN_INT_CONVERSION = YES;
				CLANG_WARN_NON_LITERAL_NULL_CONVERSION = YES;
				CLANG_WARN_OBJC_IMPLICIT_RETAIN_SELF = YES;
				CLANG_WARN_OBJC_LITERAL_CONVERSION = YES;
				CLANG_WARN_OBJC_ROOT_CLASS = YES_ERROR;
				CLANG_WARN_QUOTED_INCLUDE_IN_FRAMEWORK_HEADER = YES;
				CLANG_WARN_RANGE_LOOP_ANALYSIS = YES;
				CLANG_WARN_STRICT_PROTOTYPES = YES;
				CLANG_WARN_SUSPICIOUS_MOVE = YES;
				CLANG_WARN_UNGUARDED_AVAILABILITY = YES_AGGRESSIVE;
				CLANG_WARN_UNREACHABLE_CODE = YES;
				CLANG_WARN__DUPLICATE_METHOD_MATCH = YES;
				COPY_PHASE_STRIP = NO;
				DEBUG_INFORMATION_FORMAT = "dwarf-with-dsym";
				ENABLE_NS_ASSERTIONS = NO;
				ENABLE_STRICT_OBJC_MSGSEND = YES;
				ENABLE_USER_SCRIPT_SANDBOXING = YES;
				GCC_C_LANGUAGE_STANDARD = gnu17;
				GCC_NO_COMMON_BLOCKS = YES;
				GCC_WARN_64_TO_32_BIT_CONVERSION = YES;
				GCC_WARN_ABOUT_RETURN_TYPE = YES_ERROR;
				GCC_WARN_UNDECLARED_SELECTOR = YES;
				GCC_WARN_UNINITIALIZED_AUTOS = YES_AGGRESSIVE;
				GCC_WARN_UNUSED_FUNCTION = YES;
				GCC_WARN_UNUSED_VARIABLE = YES;
				IPHONEOS_DEPLOYMENT_TARGET = 17.2;
				LOCALIZATION_PREFERS_STRING_CATALOGS = YES;
				MTL_ENABLE_DEBUG_INFO = NO;
				MTL_FAST_MATH = YES;
				SDKROOT = iphoneos;
				SWIFT_COMPILATION_MODE = wholemodule;
				VALIDATE_PRODUCT = YES;
			};
			name = Release;
		};
		D78350542B4C8D6D0060994E /* Debug */ = {
			isa = XCBuildConfiguration;
			buildSettings = {
				ASSETCATALOG_COMPILER_APPICON_NAME = AppIcon;
				ASSETCATALOG_COMPILER_GLOBAL_ACCENT_COLOR_NAME = AccentColor;
				ASSETCATALOG_COMPILER_INCLUDE_ALL_APPICON_ASSETS = NO;
				CODE_SIGN_STYLE = Automatic;
				CURRENT_PROJECT_VERSION = 1;
				DEVELOPMENT_TEAM = 66SRZJ5G4U;
				GENERATE_INFOPLIST_FILE = YES;
				INFOPLIST_FILE = DemoCoordinatorProject/Info.plist;
				INFOPLIST_KEY_UIApplicationSupportsIndirectInputEvents = YES;
				INFOPLIST_KEY_UILaunchStoryboardName = "";
				INFOPLIST_KEY_UIMainStoryboardFile = "";
				INFOPLIST_KEY_UISupportedInterfaceOrientations_iPad = "UIInterfaceOrientationPortrait UIInterfaceOrientationPortraitUpsideDown UIInterfaceOrientationLandscapeLeft UIInterfaceOrientationLandscapeRight";
				INFOPLIST_KEY_UISupportedInterfaceOrientations_iPhone = "UIInterfaceOrientationPortrait UIInterfaceOrientationLandscapeLeft UIInterfaceOrientationLandscapeRight";
				IPHONEOS_DEPLOYMENT_TARGET = 15.0;
				LD_RUNPATH_SEARCH_PATHS = (
					"$(inherited)",
					"@executable_path/Frameworks",
				);
				MARKETING_VERSION = 1.0;
				PRODUCT_BUNDLE_IDENTIFIER = savs.DemoCoordinatorProject;
				PRODUCT_NAME = "$(TARGET_NAME)";
				SWIFT_EMIT_LOC_STRINGS = YES;
				SWIFT_VERSION = 5.0;
				TARGETED_DEVICE_FAMILY = "1,2";
			};
			name = Debug;
		};
		D78350552B4C8D6D0060994E /* Release */ = {
			isa = XCBuildConfiguration;
			buildSettings = {
				ASSETCATALOG_COMPILER_APPICON_NAME = AppIcon;
				ASSETCATALOG_COMPILER_GLOBAL_ACCENT_COLOR_NAME = AccentColor;
				ASSETCATALOG_COMPILER_INCLUDE_ALL_APPICON_ASSETS = NO;
				CODE_SIGN_STYLE = Automatic;
				CURRENT_PROJECT_VERSION = 1;
				DEVELOPMENT_TEAM = 66SRZJ5G4U;
				GENERATE_INFOPLIST_FILE = YES;
				INFOPLIST_FILE = DemoCoordinatorProject/Info.plist;
				INFOPLIST_KEY_UIApplicationSupportsIndirectInputEvents = YES;
				INFOPLIST_KEY_UILaunchStoryboardName = "";
				INFOPLIST_KEY_UIMainStoryboardFile = "";
				INFOPLIST_KEY_UISupportedInterfaceOrientations_iPad = "UIInterfaceOrientationPortrait UIInterfaceOrientationPortraitUpsideDown UIInterfaceOrientationLandscapeLeft UIInterfaceOrientationLandscapeRight";
				INFOPLIST_KEY_UISupportedInterfaceOrientations_iPhone = "UIInterfaceOrientationPortrait UIInterfaceOrientationLandscapeLeft UIInterfaceOrientationLandscapeRight";
				IPHONEOS_DEPLOYMENT_TARGET = 15.0;
				LD_RUNPATH_SEARCH_PATHS = (
					"$(inherited)",
					"@executable_path/Frameworks",
				);
				MARKETING_VERSION = 1.0;
				PRODUCT_BUNDLE_IDENTIFIER = savs.DemoCoordinatorProject;
				PRODUCT_NAME = "$(TARGET_NAME)";
				SWIFT_EMIT_LOC_STRINGS = YES;
				SWIFT_VERSION = 5.0;
				TARGETED_DEVICE_FAMILY = "1,2";
			};
			name = Release;
		};
/* End XCBuildConfiguration section */

/* Begin XCConfigurationList section */
		D783503A2B4C8D6C0060994E /* Build configuration list for PBXProject "DemoCoordinatorProject" */ = {
			isa = XCConfigurationList;
			buildConfigurations = (
				D78350512B4C8D6D0060994E /* Debug */,
				D78350522B4C8D6D0060994E /* Release */,
			);
			defaultConfigurationIsVisible = 0;
			defaultConfigurationName = Release;
		};
		D78350532B4C8D6D0060994E /* Build configuration list for PBXNativeTarget "DemoCoordinatorProject" */ = {
			isa = XCConfigurationList;
			buildConfigurations = (
				D78350542B4C8D6D0060994E /* Debug */,
				D78350552B4C8D6D0060994E /* Release */,
			);
			defaultConfigurationIsVisible = 0;
			defaultConfigurationName = Release;
		};
/* End XCConfigurationList section */

/* Begin XCRemoteSwiftPackageReference section */
		D783507A2B4CBE900060994E /* XCRemoteSwiftPackageReference "TinyConstraints" */ = {
			isa = XCRemoteSwiftPackageReference;
			repositoryURL = "https://github.com/roberthein/TinyConstraints.git";
			requirement = {
				kind = upToNextMajorVersion;
				minimumVersion = 4.0.2;
			};
		};
/* End XCRemoteSwiftPackageReference section */

/* Begin XCSwiftPackageProductDependency section */
		D783507B2B4CBE900060994E /* TinyConstraints */ = {
			isa = XCSwiftPackageProductDependency;
			package = D783507A2B4CBE900060994E /* XCRemoteSwiftPackageReference "TinyConstraints" */;
			productName = TinyConstraints;
		};
/* End XCSwiftPackageProductDependency section */
	};
	rootObject = D78350372B4C8D6C0060994E /* Project object */;
}
